
Microsoft Visual Studio Solution File, Format Version 12.00
# Visual Studio Version 17
VisualStudioVersion = 17.9.34728.123
MinimumVisualStudioVersion = 10.0.40219.1
Project("{FAE04EC0-301F-11D3-BF4B-00C04F79EFBC}") = "Challenge 4.1", "Challenge 4.1.csproj", "{D97BD093-BFA4-436F-B477-30CB28ADA016}"
EndProject
Global
	GlobalSection(SolutionConfigurationPlatforms) = preSolution
		Debug|Any CPU = Debug|Any CPU
		Release|Any CPU = Release|Any CPU
	EndGlobalSection
	GlobalSection(ProjectConfigurationPlatforms) = postSolution
		{D97BD093-BFA4-436F-B477-30CB28ADA016}.Debug|Any CPU.ActiveCfg = Debug|Any CPU
		{D97BD093-BFA4-436F-B477-30CB28ADA016}.Debug|Any CPU.Build.0 = Debug|Any CPU
		{D97BD093-BFA4-436F-B477-30CB28ADA016}.Release|Any CPU.ActiveCfg = Release|Any CPU
		{D97BD093-BFA4-436F-B477-30CB28ADA016}.Release|Any CPU.Build.0 = Release|Any CPU
	EndGlobalSection
	GlobalSection(SolutionProperties) = preSolution
		HideSolutionNode = FALSE
	EndGlobalSection
	GlobalSection(ExtensibilityGlobals) = postSolution
		SolutionGuid = {648DB6FC-5D3F-4BB1-A2C1-D6CAEE1BEB4E}
	EndGlobalSection
EndGlobal
